// !$*UTF8*$!
{
	archiveVersion = 1;
	classes = {
	};
	objectVersion = 55;
	objects = {

/* Begin PBXBuildFile section */
		5E27A78628FEFFF300047F51 /* AppDelegate.swift in Sources */ = {isa = PBXBuildFile; fileRef = 5E27A78528FEFFF300047F51 /* AppDelegate.swift */; };
		5E27A78828FEFFF300047F51 /* SceneDelegate.swift in Sources */ = {isa = PBXBuildFile; fileRef = 5E27A78728FEFFF300047F51 /* SceneDelegate.swift */; };
		5E27A78A28FEFFF300047F51 /* ViewController.swift in Sources */ = {isa = PBXBuildFile; fileRef = 5E27A78928FEFFF300047F51 /* ViewController.swift */; };
		5E27A78D28FEFFF300047F51 /* Main.storyboard in Resources */ = {isa = PBXBuildFile; fileRef = 5E27A78B28FEFFF300047F51 /* Main.storyboard */; };
		5E27A78F28FEFFF700047F51 /* Assets.xcassets in Resources */ = {isa = PBXBuildFile; fileRef = 5E27A78E28FEFFF700047F51 /* Assets.xcassets */; };
		5E27A79228FEFFF700047F51 /* LaunchScreen.storyboard in Resources */ = {isa = PBXBuildFile; fileRef = 5E27A79028FEFFF700047F51 /* LaunchScreen.storyboard */; };
		5E27A79D28FEFFF700047F51 /* team_programmingTests.swift in Sources */ = {isa = PBXBuildFile; fileRef = 5E27A79C28FEFFF700047F51 /* team_programmingTests.swift */; };
		5E27A7A728FEFFF700047F51 /* team_programmingUITests.swift in Sources */ = {isa = PBXBuildFile; fileRef = 5E27A7A628FEFFF700047F51 /* team_programmingUITests.swift */; };
		5E27A7A928FEFFF700047F51 /* team_programmingUITestsLaunchTests.swift in Sources */ = {isa = PBXBuildFile; fileRef = 5E27A7A828FEFFF700047F51 /* team_programmingUITestsLaunchTests.swift */; };
/* End PBXBuildFile section */

/* Begin PBXContainerItemProxy section */
		5E27A79928FEFFF700047F51 /* PBXContainerItemProxy */ = {
			isa = PBXContainerItemProxy;
			containerPortal = 5E27A77A28FEFFF300047F51 /* Project object */;
			proxyType = 1;
			remoteGlobalIDString = 5E27A78128FEFFF300047F51;
			remoteInfo = "team-programming";
		};
		5E27A7A328FEFFF700047F51 /* PBXContainerItemProxy */ = {
			isa = PBXContainerItemProxy;
			containerPortal = 5E27A77A28FEFFF300047F51 /* Project object */;
			proxyType = 1;
			remoteGlobalIDString = 5E27A78128FEFFF300047F51;
			remoteInfo = "team-programming";
		};
/* End PBXContainerItemProxy section */

/* Begin PBXFileReference section */
		5E27A78228FEFFF300047F51 /* team-programming.app */ = {isa = PBXFileReference; explicitFileType = wrapper.application; includeInIndex = 0; path = "team-programming.app"; sourceTree = BUILT_PRODUCTS_DIR; };
		5E27A78528FEFFF300047F51 /* AppDelegate.swift */ = {isa = PBXFileReference; lastKnownFileType = sourcecode.swift; path = AppDelegate.swift; sourceTree = "<group>"; };
		5E27A78728FEFFF300047F51 /* SceneDelegate.swift */ = {isa = PBXFileReference; lastKnownFileType = sourcecode.swift; path = SceneDelegate.swift; sourceTree = "<group>"; };
		5E27A78928FEFFF300047F51 /* ViewController.swift */ = {isa = PBXFileReference; lastKnownFileType = sourcecode.swift; path = ViewController.swift; sourceTree = "<group>"; };
		5E27A78C28FEFFF300047F51 /* Base */ = {isa = PBXFileReference; lastKnownFileType = file.storyboard; name = Base; path = Base.lproj/Main.storyboard; sourceTree = "<group>"; };
		5E27A78E28FEFFF700047F51 /* Assets.xcassets */ = {isa = PBXFileReference; lastKnownFileType = folder.assetcatalog; path = Assets.xcassets; sourceTree = "<group>"; };
		5E27A79128FEFFF700047F51 /* Base */ = {isa = PBXFileReference; lastKnownFileType = file.storyboard; name = Base; path = Base.lproj/LaunchScreen.storyboard; sourceTree = "<group>"; };
		5E27A79328FEFFF700047F51 /* Info.plist */ = {isa = PBXFileReference; lastKnownFileType = text.plist.xml; path = Info.plist; sourceTree = "<group>"; };
		5E27A79828FEFFF700047F51 /* team-programmingTests.xctest */ = {isa = PBXFileReference; explicitFileType = wrapper.cfbundle; includeInIndex = 0; path = "team-programmingTests.xctest"; sourceTree = BUILT_PRODUCTS_DIR; };
		5E27A79C28FEFFF700047F51 /* team_programmingTests.swift */ = {isa = PBXFileReference; lastKnownFileType = sourcecode.swift; path = team_programmingTests.swift; sourceTree = "<group>"; };
		5E27A7A228FEFFF700047F51 /* team-programmingUITests.xctest */ = {isa = PBXFileReference; explicitFileType = wrapper.cfbundle; includeInIndex = 0; path = "team-programmingUITests.xctest"; sourceTree = BUILT_PRODUCTS_DIR; };
		5E27A7A628FEFFF700047F51 /* team_programmingUITests.swift */ = {isa = PBXFileReference; lastKnownFileType = sourcecode.swift; path = team_programmingUITests.swift; sourceTree = "<group>"; };
		5E27A7A828FEFFF700047F51 /* team_programmingUITestsLaunchTests.swift */ = {isa = PBXFileReference; lastKnownFileType = sourcecode.swift; path = team_programmingUITestsLaunchTests.swift; sourceTree = "<group>"; };
/* End PBXFileReference section */

/* Begin PBXFrameworksBuildPhase section */
		5E27A77F28FEFFF300047F51 /* Frameworks */ = {
			isa = PBXFrameworksBuildPhase;
			buildActionMask = 2147483647;
			files = (
			);
			runOnlyForDeploymentPostprocessing = 0;
		};
		5E27A79528FEFFF700047F51 /* Frameworks */ = {
			isa = PBXFrameworksBuildPhase;
			buildActionMask = 2147483647;
			files = (
			);
			runOnlyForDeploymentPostprocessing = 0;
		};
		5E27A79F28FEFFF700047F51 /* Frameworks */ = {
			isa = PBXFrameworksBuildPhase;
			buildActionMask = 2147483647;
			files = (
			);
			runOnlyForDeploymentPostprocessing = 0;
		};
/* End PBXFrameworksBuildPhase section */

/* Begin PBXGroup section */
		5E27A77928FEFFF300047F51 = {
			isa = PBXGroup;
			children = (
				5E27A78428FEFFF300047F51 /* team-programming */,
				5E27A79B28FEFFF700047F51 /* team-programmingTests */,
				5E27A7A528FEFFF700047F51 /* team-programmingUITests */,
				5E27A78328FEFFF300047F51 /* Products */,
			);
			sourceTree = "<group>";
		};
		5E27A78328FEFFF300047F51 /* Products */ = {
			isa = PBXGroup;
			children = (
				5E27A78228FEFFF300047F51 /* team-programming.app */,
				5E27A79828FEFFF700047F51 /* team-programmingTests.xctest */,
				5E27A7A228FEFFF700047F51 /* team-programmingUITests.xctest */,
			);
			name = Products;
			sourceTree = "<group>";
		};
		5E27A78428FEFFF300047F51 /* team-programming */ = {
			isa = PBXGroup;
			children = (
				5E27A78528FEFFF300047F51 /* AppDelegate.swift */,
				5E27A78728FEFFF300047F51 /* SceneDelegate.swift */,
				5E27A78928FEFFF300047F51 /* ViewController.swift */,
				5E27A78B28FEFFF300047F51 /* Main.storyboard */,
				5E27A78E28FEFFF700047F51 /* Assets.xcassets */,
				5E27A79028FEFFF700047F51 /* LaunchScreen.storyboard */,
				5E27A79328FEFFF700047F51 /* Info.plist */,
			);
			path = "team-programming";
			sourceTree = "<group>";
		};
		5E27A79B28FEFFF700047F51 /* team-programmingTests */ = {
			isa = PBXGroup;
			children = (
				5E27A79C28FEFFF700047F51 /* team_programmingTests.swift */,
			);
			path = "team-programmingTests";
			sourceTree = "<group>";
		};
		5E27A7A528FEFFF700047F51 /* team-programmingUITests */ = {
			isa = PBXGroup;
			children = (
				5E27A7A628FEFFF700047F51 /* team_programmingUITests.swift */,
				5E27A7A828FEFFF700047F51 /* team_programmingUITestsLaunchTests.swift */,
			);
			path = "team-programmingUITests";
			sourceTree = "<group>";
		};
/* End PBXGroup section */

/* Begin PBXNativeTarget section */
		5E27A78128FEFFF300047F51 /* team-programming */ = {
			isa = PBXNativeTarget;
			buildConfigurationList = 5E27A7AC28FEFFF700047F51 /* Build configuration list for PBXNativeTarget "team-programming" */;
			buildPhases = (
				5E27A77E28FEFFF300047F51 /* Sources */,
				5E27A77F28FEFFF300047F51 /* Frameworks */,
				5E27A78028FEFFF300047F51 /* Resources */,
			);
			buildRules = (
			);
			dependencies = (
			);
			name = "team-programming";
			productName = "team-programming";
			productReference = 5E27A78228FEFFF300047F51 /* team-programming.app */;
			productType = "com.apple.product-type.application";
		};
		5E27A79728FEFFF700047F51 /* team-programmingTests */ = {
			isa = PBXNativeTarget;
			buildConfigurationList = 5E27A7AF28FEFFF700047F51 /* Build configuration list for PBXNativeTarget "team-programmingTests" */;
			buildPhases = (
				5E27A79428FEFFF700047F51 /* Sources */,
				5E27A79528FEFFF700047F51 /* Frameworks */,
				5E27A79628FEFFF700047F51 /* Resources */,
			);
			buildRules = (
			);
			dependencies = (
				5E27A79A28FEFFF700047F51 /* PBXTargetDependency */,
			);
			name = "team-programmingTests";
			productName = "team-programmingTests";
			productReference = 5E27A79828FEFFF700047F51 /* team-programmingTests.xctest */;
			productType = "com.apple.product-type.bundle.unit-test";
		};
		5E27A7A128FEFFF700047F51 /* team-programmingUITests */ = {
			isa = PBXNativeTarget;
			buildConfigurationList = 5E27A7B228FEFFF700047F51 /* Build configuration list for PBXNativeTarget "team-programmingUITests" */;
			buildPhases = (
				5E27A79E28FEFFF700047F51 /* Sources */,
				5E27A79F28FEFFF700047F51 /* Frameworks */,
				5E27A7A028FEFFF700047F51 /* Resources */,
			);
			buildRules = (
			);
			dependencies = (
				5E27A7A428FEFFF700047F51 /* PBXTargetDependency */,
			);
			name = "team-programmingUITests";
			productName = "team-programmingUITests";
			productReference = 5E27A7A228FEFFF700047F51 /* team-programmingUITests.xctest */;
			productType = "com.apple.product-type.bundle.ui-testing";
		};
/* End PBXNativeTarget section */

/* Begin PBXProject section */
		5E27A77A28FEFFF300047F51 /* Project object */ = {
			isa = PBXProject;
			attributes = {
				BuildIndependentTargetsInParallel = 1;
				LastSwiftUpdateCheck = 1340;
				LastUpgradeCheck = 1340;
				TargetAttributes = {
					5E27A78128FEFFF300047F51 = {
						CreatedOnToolsVersion = 13.4.1;
					};
					5E27A79728FEFFF700047F51 = {
						CreatedOnToolsVersion = 13.4.1;
						TestTargetID = 5E27A78128FEFFF300047F51;
					};
					5E27A7A128FEFFF700047F51 = {
						CreatedOnToolsVersion = 13.4.1;
						TestTargetID = 5E27A78128FEFFF300047F51;
					};
				};
			};
			buildConfigurationList = 5E27A77D28FEFFF300047F51 /* Build configuration list for PBXProject "team-programming" */;
			compatibilityVersion = "Xcode 13.0";
			developmentRegion = en;
			hasScannedForEncodings = 0;
			knownRegions = (
				en,
				Base,
			);
			mainGroup = 5E27A77928FEFFF300047F51;
			productRefGroup = 5E27A78328FEFFF300047F51 /* Products */;
			projectDirPath = "";
			projectRoot = "";
			targets = (
				5E27A78128FEFFF300047F51 /* team-programming */,
				5E27A79728FEFFF700047F51 /* team-programmingTests */,
				5E27A7A128FEFFF700047F51 /* team-programmingUITests */,
			);
		};
/* End PBXProject section */

/* Begin PBXResourcesBuildPhase section */
		5E27A78028FEFFF300047F51 /* Resources */ = {
			isa = PBXResourcesBuildPhase;
			buildActionMask = 2147483647;
			files = (
				5E27A79228FEFFF700047F51 /* LaunchScreen.storyboard in Resources */,
				5E27A78F28FEFFF700047F51 /* Assets.xcassets in Resources */,
				5E27A78D28FEFFF300047F51 /* Main.storyboard in Resources */,
			);
			runOnlyForDeploymentPostprocessing = 0;
		};
		5E27A79628FEFFF700047F51 /* Resources */ = {
			isa = PBXResourcesBuildPhase;
			buildActionMask = 2147483647;
			files = (
			);
			runOnlyForDeploymentPostprocessing = 0;
		};
		5E27A7A028FEFFF700047F51 /* Resources */ = {
			isa = PBXResourcesBuildPhase;
			buildActionMask = 2147483647;
			files = (
			);
			runOnlyForDeploymentPostprocessing = 0;
		};
/* End PBXResourcesBuildPhase section */

/* Begin PBXSourcesBuildPhase section */
		5E27A77E28FEFFF300047F51 /* Sources */ = {
			isa = PBXSourcesBuildPhase;
			buildActionMask = 2147483647;
			files = (
				5E27A78A28FEFFF300047F51 /* ViewController.swift in Sources */,
				5E27A78628FEFFF300047F51 /* AppDelegate.swift in Sources */,
				5E27A78828FEFFF300047F51 /* SceneDelegate.swift in Sources */,
			);
			runOnlyForDeploymentPostprocessing = 0;
		};
		5E27A79428FEFFF700047F51 /* Sources */ = {
			isa = PBXSourcesBuildPhase;
			buildActionMask = 2147483647;
			files = (
				5E27A79D28FEFFF700047F51 /* team_programmingTests.swift in Sources */,
			);
			runOnlyForDeploymentPostprocessing = 0;
		};
		5E27A79E28FEFFF700047F51 /* Sources */ = {
			isa = PBXSourcesBuildPhase;
			buildActionMask = 2147483647;
			files = (
				5E27A7A728FEFFF700047F51 /* team_programmingUITests.swift in Sources */,
				5E27A7A928FEFFF700047F51 /* team_programmingUITestsLaunchTests.swift in Sources */,
			);
			runOnlyForDeploymentPostprocessing = 0;
		};
/* End PBXSourcesBuildPhase section */

/* Begin PBXTargetDependency section */
		5E27A79A28FEFFF700047F51 /* PBXTargetDependency */ = {
			isa = PBXTargetDependency;
			target = 5E27A78128FEFFF300047F51 /* team-programming */;
			targetProxy = 5E27A79928FEFFF700047F51 /* PBXContainerItemProxy */;
		};
		5E27A7A428FEFFF700047F51 /* PBXTargetDependency */ = {
			isa = PBXTargetDependency;
			target = 5E27A78128FEFFF300047F51 /* team-programming */;
			targetProxy = 5E27A7A328FEFFF700047F51 /* PBXContainerItemProxy */;
		};
/* End PBXTargetDependency section */

/* Begin PBXVariantGroup section */
		5E27A78B28FEFFF300047F51 /* Main.storyboard */ = {
			isa = PBXVariantGroup;
			children = (
				5E27A78C28FEFFF300047F51 /* Base */,
			);
			name = Main.storyboard;
			sourceTree = "<group>";
		};
		5E27A79028FEFFF700047F51 /* LaunchScreen.storyboard */ = {
			isa = PBXVariantGroup;
			children = (
				5E27A79128FEFFF700047F51 /* Base */,
			);
			name = LaunchScreen.storyboard;
			sourceTree = "<group>";
		};
/* End PBXVariantGroup section */

/* Begin XCBuildConfiguration section */
		5E27A7AA28FEFFF700047F51 /* Debug */ = {
			isa = XCBuildConfiguration;
			buildSettings = {
				ALWAYS_SEARCH_USER_PATHS = NO;
				CLANG_ANALYZER_NONNULL = YES;
				CLANG_ANALYZER_NUMBER_OBJECT_CONVERSION = YES_AGGRESSIVE;
				CLANG_CXX_LANGUAGE_STANDARD = "gnu++17";
				CLANG_ENABLE_MODULES = YES;
				CLANG_ENABLE_OBJC_ARC = YES;
				CLANG_ENABLE_OBJC_WEAK = YES;
				CLANG_WARN_BLOCK_CAPTURE_AUTORELEASING = YES;
				CLANG_WARN_BOOL_CONVERSION = YES;
				CLANG_WARN_COMMA = YES;
				CLANG_WARN_CONSTANT_CONVERSION = YES;
				CLANG_WARN_DEPRECATED_OBJC_IMPLEMENTATIONS = YES;
				CLANG_WARN_DIRECT_OBJC_ISA_USAGE = YES_ERROR;
				CLANG_WARN_DOCUMENTATION_COMMENTS = YES;
				CLANG_WARN_EMPTY_BODY = YES;
				CLANG_WARN_ENUM_CONVERSION = YES;
				CLANG_WARN_INFINITE_RECURSION = YES;
				CLANG_WARN_INT_CONVERSION = YES;
				CLANG_WARN_NON_LITERAL_NULL_CONVERSION = YES;
				CLANG_WARN_OBJC_IMPLICIT_RETAIN_SELF = YES;
				CLANG_WARN_OBJC_LITERAL_CONVERSION = YES;
				CLANG_WARN_OBJC_ROOT_CLASS = YES_ERROR;
				CLANG_WARN_QUOTED_INCLUDE_IN_FRAMEWORK_HEADER = YES;
				CLANG_WARN_RANGE_LOOP_ANALYSIS = YES;
				CLANG_WARN_STRICT_PROTOTYPES = YES;
				CLANG_WARN_SUSPICIOUS_MOVE = YES;
				CLANG_WARN_UNGUARDED_AVAILABILITY = YES_AGGRESSIVE;
				CLANG_WARN_UNREACHABLE_CODE = YES;
				CLANG_WARN__DUPLICATE_METHOD_MATCH = YES;
				COPY_PHASE_STRIP = NO;
				DEBUG_INFORMATION_FORMAT = dwarf;
				ENABLE_STRICT_OBJC_MSGSEND = YES;
				ENABLE_TESTABILITY = YES;
				GCC_C_LANGUAGE_STANDARD = gnu11;
				GCC_DYNAMIC_NO_PIC = NO;
				GCC_NO_COMMON_BLOCKS = YES;
				GCC_OPTIMIZATION_LEVEL = 0;
				GCC_PREPROCESSOR_DEFINITIONS = (
					"DEBUG=1",
					"$(inherited)",
				);
				GCC_WARN_64_TO_32_BIT_CONVERSION = YES;
				GCC_WARN_ABOUT_RETURN_TYPE = YES_ERROR;
				GCC_WARN_UNDECLARED_SELECTOR = YES;
				GCC_WARN_UNINITIALIZED_AUTOS = YES_AGGRESSIVE;
				GCC_WARN_UNUSED_FUNCTION = YES;
				GCC_WARN_UNUSED_VARIABLE = YES;
				IPHONEOS_DEPLOYMENT_TARGET = 15.5;
				MTL_ENABLE_DEBUG_INFO = INCLUDE_SOURCE;
				MTL_FAST_MATH = YES;
				ONLY_ACTIVE_ARCH = YES;
				SDKROOT = iphoneos;
				SWIFT_ACTIVE_COMPILATION_CONDITIONS = DEBUG;
				SWIFT_OPTIMIZATION_LEVEL = "-Onone";
			};
			name = Debug;
		};
		5E27A7AB28FEFFF700047F51 /* Release */ = {
			isa = XCBuildConfiguration;
			buildSettings = {
				ALWAYS_SEARCH_USER_PATHS = NO;
				CLANG_ANALYZER_NONNULL = YES;
				CLANG_ANALYZER_NUMBER_OBJECT_CONVERSION = YES_AGGRESSIVE;
				CLANG_CXX_LANGUAGE_STANDARD = "gnu++17";
				CLANG_ENABLE_MODULES = YES;
				CLANG_ENABLE_OBJC_ARC = YES;
				CLANG_ENABLE_OBJC_WEAK = YES;
				CLANG_WARN_BLOCK_CAPTURE_AUTORELEASING = YES;
				CLANG_WARN_BOOL_CONVERSION = YES;
				CLANG_WARN_COMMA = YES;
				CLANG_WARN_CONSTANT_CONVERSION = YES;
				CLANG_WARN_DEPRECATED_OBJC_IMPLEMENTATIONS = YES;
				CLANG_WARN_DIRECT_OBJC_ISA_USAGE = YES_ERROR;
				CLANG_WARN_DOCUMENTATION_COMMENTS = YES;
				CLANG_WARN_EMPTY_BODY = YES;
				CLANG_WARN_ENUM_CONVERSION = YES;
				CLANG_WARN_INFINITE_RECURSION = YES;
				CLANG_WARN_INT_CONVERSION = YES;
				CLANG_WARN_NON_LITERAL_NULL_CONVERSION = YES;
				CLANG_WARN_OBJC_IMPLICIT_RETAIN_SELF = YES;
				CLANG_WARN_OBJC_LITERAL_CONVERSION = YES;
				CLANG_WARN_OBJC_ROOT_CLASS = YES_ERROR;
				CLANG_WARN_QUOTED_INCLUDE_IN_FRAMEWORK_HEADER = YES;
				CLANG_WARN_RANGE_LOOP_ANALYSIS = YES;
				CLANG_WARN_STRICT_PROTOTYPES = YES;
				CLANG_WARN_SUSPICIOUS_MOVE = YES;
				CLANG_WARN_UNGUARDED_AVAILABILITY = YES_AGGRESSIVE;
				CLANG_WARN_UNREACHABLE_CODE = YES;
				CLANG_WARN__DUPLICATE_METHOD_MATCH = YES;
				COPY_PHASE_STRIP = NO;
				DEBUG_INFORMATION_FORMAT = "dwarf-with-dsym";
				ENABLE_NS_ASSERTIONS = NO;
				ENABLE_STRICT_OBJC_MSGSEND = YES;
				GCC_C_LANGUAGE_STANDARD = gnu11;
				GCC_NO_COMMON_BLOCKS = YES;
				GCC_WARN_64_TO_32_BIT_CONVERSION = YES;
				GCC_WARN_ABOUT_RETURN_TYPE = YES_ERROR;
				GCC_WARN_UNDECLARED_SELECTOR = YES;
				GCC_WARN_UNINITIALIZED_AUTOS = YES_AGGRESSIVE;
				GCC_WARN_UNUSED_FUNCTION = YES;
				GCC_WARN_UNUSED_VARIABLE = YES;
				IPHONEOS_DEPLOYMENT_TARGET = 15.5;
				MTL_ENABLE_DEBUG_INFO = NO;
				MTL_FAST_MATH = YES;
				SDKROOT = iphoneos;
				SWIFT_COMPILATION_MODE = wholemodule;
				SWIFT_OPTIMIZATION_LEVEL = "-O";
				VALIDATE_PRODUCT = YES;
			};
			name = Release;
		};
		5E27A7AD28FEFFF700047F51 /* Debug */ = {
			isa = XCBuildConfiguration;
			buildSettings = {
				ASSETCATALOG_COMPILER_APPICON_NAME = AppIcon;
				ASSETCATALOG_COMPILER_GLOBAL_ACCENT_COLOR_NAME = AccentColor;
				CODE_SIGN_STYLE = Automatic;
				CURRENT_PROJECT_VERSION = 1;
				GENERATE_INFOPLIST_FILE = YES;
				INFOPLIST_FILE = "team-programming/Info.plist";
				INFOPLIST_KEY_UIApplicationSupportsIndirectInputEvents = YES;
				INFOPLIST_KEY_UILaunchStoryboardName = LaunchScreen;
				INFOPLIST_KEY_UIMainStoryboardFile = Main;
				INFOPLIST_KEY_UISupportedInterfaceOrientations = UIInterfaceOrientationPortrait;
				INFOPLIST_KEY_UISupportedInterfaceOrientations_iPad = "UIInterfaceOrientationPortrait UIInterfaceOrientationPortraitUpsideDown UIInterfaceOrientationLandscapeLeft UIInterfaceOrientationLandscapeRight";
				INFOPLIST_KEY_UISupportedInterfaceOrientations_iPhone = "UIInterfaceOrientationPortrait UIInterfaceOrientationLandscapeLeft UIInterfaceOrientationLandscapeRight";
				LD_RUNPATH_SEARCH_PATHS = (
					"$(inherited)",
					"@executable_path/Frameworks",
				);
				MARKETING_VERSION = 1.0;
				PRODUCT_BUNDLE_IDENTIFIER = "team-programming";
				PRODUCT_NAME = "$(TARGET_NAME)";
				SWIFT_EMIT_LOC_STRINGS = YES;
				SWIFT_VERSION = 5.0;
				TARGETED_DEVICE_FAMILY = 1;
			};
			name = Debug;
		};
		5E27A7AE28FEFFF700047F51 /* Release */ = {
			isa = XCBuildConfiguration;
			buildSettings = {
				ASSETCATALOG_COMPILER_APPICON_NAME = AppIcon;
				ASSETCATALOG_COMPILER_GLOBAL_ACCENT_COLOR_NAME = AccentColor;
				CODE_SIGN_STYLE = Automatic;
				CURRENT_PROJECT_VERSION = 1;
				GENERATE_INFOPLIST_FILE = YES;
				INFOPLIST_FILE = "team-programming/Info.plist";
				INFOPLIST_KEY_UIApplicationSupportsIndirectInputEvents = YES;
				INFOPLIST_KEY_UILaunchStoryboardName = LaunchScreen;
				INFOPLIST_KEY_UIMainStoryboardFile = Main;
				INFOPLIST_KEY_UISupportedInterfaceOrientations = UIInterfaceOrientationPortrait;
				INFOPLIST_KEY_UISupportedInterfaceOrientations_iPad = "UIInterfaceOrientationPortrait UIInterfaceOrientationPortraitUpsideDown UIInterfaceOrientationLandscapeLeft UIInterfaceOrientationLandscapeRight";
				INFOPLIST_KEY_UISupportedInterfaceOrientations_iPhone = "UIInterfaceOrientationPortrait UIInterfaceOrientationLandscapeLeft UIInterfaceOrientationLandscapeRight";
				LD_RUNPATH_SEARCH_PATHS = (
					"$(inherited)",
					"@executable_path/Frameworks",
				);
				MARKETING_VERSION = 1.0;
				PRODUCT_BUNDLE_IDENTIFIER = "team-programming";
				PRODUCT_NAME = "$(TARGET_NAME)";
				SWIFT_EMIT_LOC_STRINGS = YES;
				SWIFT_VERSION = 5.0;
				TARGETED_DEVICE_FAMILY = 1;
			};
			name = Release;
		};
		5E27A7B028FEFFF700047F51 /* Debug */ = {
			isa = XCBuildConfiguration;
			buildSettings = {
				ALWAYS_EMBED_SWIFT_STANDARD_LIBRARIES = YES;
				BUNDLE_LOADER = "$(TEST_HOST)";
				CODE_SIGN_STYLE = Automatic;
				CURRENT_PROJECT_VERSION = 1;
				GENERATE_INFOPLIST_FILE = YES;
				IPHONEOS_DEPLOYMENT_TARGET = 15.5;
				MARKETING_VERSION = 1.0;
				PRODUCT_BUNDLE_IDENTIFIER = "superdigital.team-programmingTests";
				PRODUCT_NAME = "$(TARGET_NAME)";
				SWIFT_EMIT_LOC_STRINGS = NO;
				SWIFT_VERSION = 5.0;
				TARGETED_DEVICE_FAMILY = "1,2";
				TEST_HOST = "$(BUILT_PRODUCTS_DIR)/team-programming.app/team-programming";
			};
			name = Debug;
		};
		5E27A7B128FEFFF700047F51 /* Release */ = {
			isa = XCBuildConfiguration;
			buildSettings = {
				ALWAYS_EMBED_SWIFT_STANDARD_LIBRARIES = YES;
				BUNDLE_LOADER = "$(TEST_HOST)";
				CODE_SIGN_STYLE = Automatic;
				CURRENT_PROJECT_VERSION = 1;
				GENERATE_INFOPLIST_FILE = YES;
				IPHONEOS_DEPLOYMENT_TARGET = 15.5;
				MARKETING_VERSION = 1.0;
				PRODUCT_BUNDLE_IDENTIFIER = "superdigital.team-programmingTests";
				PRODUCT_NAME = "$(TARGET_NAME)";
				SWIFT_EMIT_LOC_STRINGS = NO;
				SWIFT_VERSION = 5.0;
				TARGETED_DEVICE_FAMILY = "1,2";
				TEST_HOST = "$(BUILT_PRODUCTS_DIR)/team-programming.app/team-programming";
			};
			name = Release;
		};
		5E27A7B328FEFFF700047F51 /* Debug */ = {
			isa = XCBuildConfiguration;
			buildSettings = {
				ALWAYS_EMBED_SWIFT_STANDARD_LIBRARIES = YES;
				CODE_SIGN_STYLE = Automatic;
				CURRENT_PROJECT_VERSION = 1;
				GENERATE_INFOPLIST_FILE = YES;
				MARKETING_VERSION = 1.0;
				PRODUCT_BUNDLE_IDENTIFIER = "superdigital.team-programmingUITests";
				PRODUCT_NAME = "$(TARGET_NAME)";
				SWIFT_EMIT_LOC_STRINGS = NO;
				SWIFT_VERSION = 5.0;
				TARGETED_DEVICE_FAMILY = "1,2";
				TEST_TARGET_NAME = "team-programming";
			};
			name = Debug;
		};
		5E27A7B428FEFFF700047F51 /* Release */ = {
			isa = XCBuildConfiguration;
			buildSettings = {
				ALWAYS_EMBED_SWIFT_STANDARD_LIBRARIES = YES;
				CODE_SIGN_STYLE = Automatic;
				CURRENT_PROJECT_VERSION = 1;
				GENERATE_INFOPLIST_FILE = YES;
				MARKETING_VERSION = 1.0;
				PRODUCT_BUNDLE_IDENTIFIER = "superdigital.team-programmingUITests";
				PRODUCT_NAME = "$(TARGET_NAME)";
				SWIFT_EMIT_LOC_STRINGS = NO;
				SWIFT_VERSION = 5.0;
				TARGETED_DEVICE_FAMILY = "1,2";
				TEST_TARGET_NAME = "team-programming";
			};
			name = Release;
		};
/* End XCBuildConfiguration section */

/* Begin XCConfigurationList section */
		5E27A77D28FEFFF300047F51 /* Build configuration list for PBXProject "team-programming" */ = {
			isa = XCConfigurationList;
			buildConfigurations = (
				5E27A7AA28FEFFF700047F51 /* Debug */,
				5E27A7AB28FEFFF700047F51 /* Release */,
			);
			defaultConfigurationIsVisible = 0;
			defaultConfigurationName = Release;
		};
		5E27A7AC28FEFFF700047F51 /* Build configuration list for PBXNativeTarget "team-programming" */ = {
			isa = XCConfigurationList;
			buildConfigurations = (
				5E27A7AD28FEFFF700047F51 /* Debug */,
				5E27A7AE28FEFFF700047F51 /* Release */,
			);
			defaultConfigurationIsVisible = 0;
			defaultConfigurationName = Release;
		};
		5E27A7AF28FEFFF700047F51 /* Build configuration list for PBXNativeTarget "team-programmingTests" */ = {
			isa = XCConfigurationList;
			buildConfigurations = (
				5E27A7B028FEFFF700047F51 /* Debug */,
				5E27A7B128FEFFF700047F51 /* Release */,
			);
			defaultConfigurationIsVisible = 0;
			defaultConfigurationName = Release;
		};
		5E27A7B228FEFFF700047F51 /* Build configuration list for PBXNativeTarget "team-programmingUITests" */ = {
			isa = XCConfigurationList;
			buildConfigurations = (
				5E27A7B328FEFFF700047F51 /* Debug */,
				5E27A7B428FEFFF700047F51 /* Release */,
			);
			defaultConfigurationIsVisible = 0;
			defaultConfigurationName = Release;
		};
/* End XCConfigurationList section */
	};
	rootObject = 5E27A77A28FEFFF300047F51 /* Project object */;
}
